Microsoft Visual Studio Solution File, Format Version 12.00
# Visual Studio Version 17
VisualStudioVersion = 17.13.35919.96
MinimumVisualStudioVersion = 10.0.40219.1
Project("{FAE04EC0-301F-11D3-BF4B-00C04F79EFBC}") = "API", "API\API.csproj", "{0F724825-EA4F-4D58-8A4D-561CD85C906C}"
EndProject
Global
	GlobalSection(SolutionConfigurationPlatforms) = preSolution
		Debug|Any CPU = Debug|Any CPU
		Release|Any CPU = Release|Any CPU
	EndGlobalSection
	GlobalSection(ProjectConfigurationPlatforms) = postSolution
		{0F724825-EA4F-4D58-8A4D-561CD85C906C}.Debug|Any CPU.ActiveCfg = Debug|Any CPU
		{0F724825-EA4F-4D58-8A4D-561CD85C906C}.Debug|Any CPU.Build.0 = Debug|Any CPU
		{0F724825-EA4F-4D58-8A4D-561CD85C906C}.Release|Any CPU.ActiveCfg = Release|Any CPU
		{0F724825-EA4F-4D58-8A4D-561CD85C906C}.Release|Any CPU.Build.0 = Release|Any CPU
	EndGlobalSection
	GlobalSection(SolutionProperties) = preSolution
		HideSolutionNode = FALSE
	EndGlobalSection
	GlobalSection(ExtensibilityGlobals) = postSolution
		SolutionGuid = {2F81869E-F0A3-4EE4-8C74-0BE016718023}
	EndGlobalSection
EndGlobal
